
Microsoft Visual Studio Solution File, Format Version 12.00
# Visual Studio Express 2012 for Windows Desktop
Project("{FAE04EC0-301F-11D3-BF4B-00C04F79EFBC}") = "FileExtractionUtility", "FileExtractionUtility\FileExtractionUtility.csproj", "{7154D487-AD83-4A30-B89A-016CBF65B72F}"
EndProject
Project("{FAE04EC0-301F-11D3-BF4B-00C04F79EFBC}") = "TestBackUpUtility", "TestBackUpUtility\TestBackUpUtility.csproj", "{66035346-D1F6-45D8-B603-CE6ABA3C860F}"
EndProject
Global
	GlobalSection(SolutionConfigurationPlatforms) = preSolution
		Debug|Any CPU = Debug|Any CPU
		Release|Any CPU = Release|Any CPU
	EndGlobalSection
	GlobalSection(ProjectConfigurationPlatforms) = postSolution
		{7154D487-AD83-4A30-B89A-016CBF65B72F}.Debug|Any CPU.ActiveCfg = Debug|Any CPU
		{7154D487-AD83-4A30-B89A-016CBF65B72F}.Debug|Any CPU.Build.0 = Debug|Any CPU
		{7154D487-AD83-4A30-B89A-016CBF65B72F}.Release|Any CPU.ActiveCfg = Release|Any CPU
		{7154D487-AD83-4A30-B89A-016CBF65B72F}.Release|Any CPU.Build.0 = Release|Any CPU
		{66035346-D1F6-45D8-B603-CE6ABA3C860F}.Debug|Any CPU.ActiveCfg = Debug|Any CPU
		{66035346-D1F6-45D8-B603-CE6ABA3C860F}.Debug|Any CPU.Build.0 = Debug|Any CPU
		{66035346-D1F6-45D8-B603-CE6ABA3C860F}.Release|Any CPU.ActiveCfg = Release|Any CPU
		{66035346-D1F6-45D8-B603-CE6ABA3C860F}.Release|Any CPU.Build.0 = Release|Any CPU
	EndGlobalSection
	GlobalSection(SolutionProperties) = preSolution
		HideSolutionNode = FALSE
	EndGlobalSection
EndGlobal
